
Microsoft Visual Studio Solution File, Format Version 12.00
# Visual Studio Version 16
VisualStudioVersion = 16.0.29926.136
MinimumVisualStudioVersion = 10.0.40219.1
Project("{9A19103F-16F7-4668-BE54-9A1E7A4F7556}") = "Cybernaut", "Cybernaut\Cybernaut.csproj", "{E3CCD5F5-7EBD-483C-A2C7-B605F3256480}"
EndProject
Project("{2150E333-8FDC-42A3-9474-1A3956D46DE8}") = "Solution Items", "Solution Items", "{49673B0C-2F40-43A1-B797-662B165E040B}"
	ProjectSection(SolutionItems) = preProject
		README.md = README.md
	EndProjectSection
EndProject
Project("{9A19103F-16F7-4668-BE54-9A1E7A4F7556}") = "Victoria", "..\Victoria\src\Victoria.csproj", "{9AE4A4E7-8542-49B5-8062-CEBA6A9C2793}"
EndProject
Global
	GlobalSection(SolutionConfigurationPlatforms) = preSolution
		Debug|Any CPU = Debug|Any CPU
		Release|Any CPU = Release|Any CPU
	EndGlobalSection
	GlobalSection(ProjectConfigurationPlatforms) = postSolution
		{E3CCD5F5-7EBD-483C-A2C7-B605F3256480}.Debug|Any CPU.ActiveCfg = Debug|Any CPU
		{E3CCD5F5-7EBD-483C-A2C7-B605F3256480}.Debug|Any CPU.Build.0 = Debug|Any CPU
		{E3CCD5F5-7EBD-483C-A2C7-B605F3256480}.Release|Any CPU.ActiveCfg = Release|Any CPU
		{E3CCD5F5-7EBD-483C-A2C7-B605F3256480}.Release|Any CPU.Build.0 = Release|Any CPU
		{9AE4A4E7-8542-49B5-8062-CEBA6A9C2793}.Debug|Any CPU.ActiveCfg = Debug|Any CPU
		{9AE4A4E7-8542-49B5-8062-CEBA6A9C2793}.Debug|Any CPU.Build.0 = Debug|Any CPU
		{9AE4A4E7-8542-49B5-8062-CEBA6A9C2793}.Release|Any CPU.ActiveCfg = Release|Any CPU
		{9AE4A4E7-8542-49B5-8062-CEBA6A9C2793}.Release|Any CPU.Build.0 = Release|Any CPU
	EndGlobalSection
	GlobalSection(SolutionProperties) = preSolution
		HideSolutionNode = FALSE
	EndGlobalSection
	GlobalSection(ExtensibilityGlobals) = postSolution
		SolutionGuid = {37262695-FEA8-4B01-9D9C-8702BE4652D3}
	EndGlobalSection
EndGlobal
